{
  "name": "yoakai",
  "version": "1.0.0",
  "lockfileVersion": 3,
  "requires": true,
  "packages": {
    "": {
      "name": "yoakai",
      "version": "1.0.0",
      "license": "MIT",
      "bin": {
        "yoakai": "bin/yoakai.js"
      },
      "engines": {
        "node": ">=18"
      }
    }
  }
}
